// !$*UTF8*$!
{
	archiveVersion = 1;
	classes = {
	};
	objectVersion = 77;
	objects = {

/* Begin PBXContainerItemProxy section */
		951D78B42DD11FA900046153 /* PBXContainerItemProxy */ = {
			isa = PBXContainerItemProxy;
			containerPortal = 951D789E2DD11FA600046153 /* Project object */;
			proxyType = 1;
			remoteGlobalIDString = 951D78A52DD11FA700046153;
			remoteInfo = TestBleDevices;
		};
		951D78BE2DD11FA900046153 /* PBXContainerItemProxy */ = {
			isa = PBXContainerItemProxy;
			containerPortal = 951D789E2DD11FA600046153 /* Project object */;
			proxyType = 1;
			remoteGlobalIDString = 951D78A52DD11FA700046153;
			remoteInfo = TestBleDevices;
		};
/* End PBXContainerItemProxy section */

/* Begin PBXFileReference section */
		951D78A62DD11FA700046153 /* TestBleDevices.app */ = {isa = PBXFileReference; explicitFileType = wrapper.application; includeInIndex = 0; path = TestBleDevices.app; sourceTree = BUILT_PRODUCTS_DIR; };
		951D78B32DD11FA900046153 /* TestBleDevicesTests.xctest */ = {isa = PBXFileReference; explicitFileType = wrapper.cfbundle; includeInIndex = 0; path = TestBleDevicesTests.xctest; sourceTree = BUILT_PRODUCTS_DIR; };
		951D78BD2DD11FA900046153 /* TestBleDevicesUITests.xctest */ = {isa = PBXFileReference; explicitFileType = wrapper.cfbundle; includeInIndex = 0; path = TestBleDevicesUITests.xctest; sourceTree = BUILT_PRODUCTS_DIR; };
/* End PBXFileReference section */

/* Begin PBXFileSystemSynchronizedRootGroup section */
		951D78A82DD11FA700046153 /* TestBleDevices */ = {
			isa = PBXFileSystemSynchronizedRootGroup;
			path = TestBleDevices;
			sourceTree = "<group>";
		};
		951D78B62DD11FA900046153 /* TestBleDevicesTests */ = {
			isa = PBXFileSystemSynchronizedRootGroup;
			path = TestBleDevicesTests;
			sourceTree = "<group>";
		};
		951D78C02DD11FA900046153 /* TestBleDevicesUITests */ = {
			isa = PBXFileSystemSynchronizedRootGroup;
			path = TestBleDevicesUITests;
			sourceTree = "<group>";
		};
/* End PBXFileSystemSynchronizedRootGroup section */

/* Begin PBXFrameworksBuildPhase section */
		951D78A32DD11FA700046153 /* Frameworks */ = {
			isa = PBXFrameworksBuildPhase;
			buildActionMask = 2147483647;
			files = (
			);
			runOnlyForDeploymentPostprocessing = 0;
		};
		951D78B02DD11FA900046153 /* Frameworks */ = {
			isa = PBXFrameworksBuildPhase;
			buildActionMask = 2147483647;
			files = (
			);
			runOnlyForDeploymentPostprocessing = 0;
		};
		951D78BA2DD11FA900046153 /* Frameworks */ = {
			isa = PBXFrameworksBuildPhase;
			buildActionMask = 2147483647;
			files = (
			);
			runOnlyForDeploymentPostprocessing = 0;
		};
/* End PBXFrameworksBuildPhase section */

/* Begin PBXGroup section */
		951D789D2DD11FA600046153 = {
			isa = PBXGroup;
			children = (
				951D78A82DD11FA700046153 /* TestBleDevices */,
				951D78B62DD11FA900046153 /* TestBleDevicesTests */,
				951D78C02DD11FA900046153 /* TestBleDevicesUITests */,
				951D78A72DD11FA700046153 /* Products */,
			);
			sourceTree = "<group>";
		};
		951D78A72DD11FA700046153 /* Products */ = {
			isa = PBXGroup;
			children = (
				951D78A62DD11FA700046153 /* TestBleDevices.app */,
				951D78B32DD11FA900046153 /* TestBleDevicesTests.xctest */,
				951D78BD2DD11FA900046153 /* TestBleDevicesUITests.xctest */,
			);
			name = Products;
			sourceTree = "<group>";
		};
/* End PBXGroup section */

/* Begin PBXNativeTarget section */
		951D78A52DD11FA700046153 /* TestBleDevices */ = {
			isa = PBXNativeTarget;
			buildConfigurationList = 951D78C72DD11FA900046153 /* Build configuration list for PBXNativeTarget "TestBleDevices" */;
			buildPhases = (
				951D78A22DD11FA700046153 /* Sources */,
				951D78A32DD11FA700046153 /* Frameworks */,
				951D78A42DD11FA700046153 /* Resources */,
			);
			buildRules = (
			);
			dependencies = (
			);
			fileSystemSynchronizedGroups = (
				951D78A82DD11FA700046153 /* TestBleDevices */,
			);
			name = TestBleDevices;
			packageProductDependencies = (
			);
			productName = TestBleDevices;
			productReference = 951D78A62DD11FA700046153 /* TestBleDevices.app */;
			productType = "com.apple.product-type.application";
		};
		951D78B22DD11FA900046153 /* TestBleDevicesTests */ = {
			isa = PBXNativeTarget;
			buildConfigurationList = 951D78CA2DD11FA900046153 /* Build configuration list for PBXNativeTarget "TestBleDevicesTests" */;
			buildPhases = (
				951D78AF2DD11FA900046153 /* Sources */,
				951D78B02DD11FA900046153 /* Frameworks */,
				951D78B12DD11FA900046153 /* Resources */,
			);
			buildRules = (
			);
			dependencies = (
				951D78B52DD11FA900046153 /* PBXTargetDependency */,
			);
			fileSystemSynchronizedGroups = (
				951D78B62DD11FA900046153 /* TestBleDevicesTests */,
			);
			name = TestBleDevicesTests;
			packageProductDependencies = (
			);
			productName = TestBleDevicesTests;
			productReference = 951D78B32DD11FA900046153 /* TestBleDevicesTests.xctest */;
			productType = "com.apple.product-type.bundle.unit-test";
		};
		951D78BC2DD11FA900046153 /* TestBleDevicesUITests */ = {
			isa = PBXNativeTarget;
			buildConfigurationList = 951D78CD2DD11FA900046153 /* Build configuration list for PBXNativeTarget "TestBleDevicesUITests" */;
			buildPhases = (
				951D78B92DD11FA900046153 /* Sources */,
				951D78BA2DD11FA900046153 /* Frameworks */,
				951D78BB2DD11FA900046153 /* Resources */,
			);
			buildRules = (
			);
			dependencies = (
				951D78BF2DD11FA900046153 /* PBXTargetDependency */,
			);
			fileSystemSynchronizedGroups = (
				951D78C02DD11FA900046153 /* TestBleDevicesUITests */,
			);
			name = TestBleDevicesUITests;
			packageProductDependencies = (
			);
			productName = TestBleDevicesUITests;
			productReference = 951D78BD2DD11FA900046153 /* TestBleDevicesUITests.xctest */;
			productType = "com.apple.product-type.bundle.ui-testing";
		};
/* End PBXNativeTarget section */

/* Begin PBXProject section */
		951D789E2DD11FA600046153 /* Project object */ = {
			isa = PBXProject;
			attributes = {
				BuildIndependentTargetsInParallel = 1;
				LastSwiftUpdateCheck = 1630;
				LastUpgradeCheck = 1630;
				TargetAttributes = {
					951D78A52DD11FA700046153 = {
						CreatedOnToolsVersion = 16.3;
					};
					951D78B22DD11FA900046153 = {
						CreatedOnToolsVersion = 16.3;
						TestTargetID = 951D78A52DD11FA700046153;
					};
					951D78BC2DD11FA900046153 = {
						CreatedOnToolsVersion = 16.3;
						TestTargetID = 951D78A52DD11FA700046153;
					};
				};
			};
			buildConfigurationList = 951D78A12DD11FA600046153 /* Build configuration list for PBXProject "TestBleDevices" */;
			developmentRegion = en;
			hasScannedForEncodings = 0;
			knownRegions = (
				en,
				Base,
			);
			mainGroup = 951D789D2DD11FA600046153;
			minimizedProjectReferenceProxies = 1;
			preferredProjectObjectVersion = 77;
			productRefGroup = 951D78A72DD11FA700046153 /* Products */;
			projectDirPath = "";
			projectRoot = "";
			targets = (
				951D78A52DD11FA700046153 /* TestBleDevices */,
				951D78B22DD11FA900046153 /* TestBleDevicesTests */,
				951D78BC2DD11FA900046153 /* TestBleDevicesUITests */,
			);
		};
/* End PBXProject section */

/* Begin PBXResourcesBuildPhase section */
		951D78A42DD11FA700046153 /* Resources */ = {
			isa = PBXResourcesBuildPhase;
			buildActionMask = 2147483647;
			files = (
			);
			runOnlyForDeploymentPostprocessing = 0;
		};
		951D78B12DD11FA900046153 /* Resources */ = {
			isa = PBXResourcesBuildPhase;
			buildActionMask = 2147483647;
			files = (
			);
			runOnlyForDeploymentPostprocessing = 0;
		};
		951D78BB2DD11FA900046153 /* Resources */ = {
			isa = PBXResourcesBuildPhase;
			buildActionMask = 2147483647;
			files = (
			);
			runOnlyForDeploymentPostprocessing = 0;
		};
/* End PBXResourcesBuildPhase section */

/* Begin PBXSourcesBuildPhase section */
		951D78A22DD11FA700046153 /* Sources */ = {
			isa = PBXSourcesBuildPhase;
			buildActionMask = 2147483647;
			files = (
			);
			runOnlyForDeploymentPostprocessing = 0;
		};
		951D78AF2DD11FA900046153 /* Sources */ = {
			isa = PBXSourcesBuildPhase;
			buildActionMask = 2147483647;
			files = (
			);
			runOnlyForDeploymentPostprocessing = 0;
		};
		951D78B92DD11FA900046153 /* Sources */ = {
			isa = PBXSourcesBuildPhase;
			buildActionMask = 2147483647;
			files = (
			);
			runOnlyForDeploymentPostprocessing = 0;
		};
/* End PBXSourcesBuildPhase section */

/* Begin PBXTargetDependency section */
		951D78B52DD11FA900046153 /* PBXTargetDependency */ = {
			isa = PBXTargetDependency;
			target = 951D78A52DD11FA700046153 /* TestBleDevices */;
			targetProxy = 951D78B42DD11FA900046153 /* PBXContainerItemProxy */;
		};
		951D78BF2DD11FA900046153 /* PBXTargetDependency */ = {
			isa = PBXTargetDependency;
			target = 951D78A52DD11FA700046153 /* TestBleDevices */;
			targetProxy = 951D78BE2DD11FA900046153 /* PBXContainerItemProxy */;
		};
/* End PBXTargetDependency section */

/* Begin XCBuildConfiguration section */
		951D78C52DD11FA900046153 /* Debug */ = {
			isa = XCBuildConfiguration;
			buildSettings = {
				ALWAYS_SEARCH_USER_PATHS = NO;
				ASSETCATALOG_COMPILER_GENERATE_SWIFT_ASSET_SYMBOL_EXTENSIONS = YES;
				CLANG_ANALYZER_NONNULL = YES;
				CLANG_ANALYZER_NUMBER_OBJECT_CONVERSION = YES_AGGRESSIVE;
				CLANG_CXX_LANGUAGE_STANDARD = "gnu++20";
				CLANG_ENABLE_MODULES = YES;
				CLANG_ENABLE_OBJC_ARC = YES;
				CLANG_ENABLE_OBJC_WEAK = YES;
				CLANG_WARN_BLOCK_CAPTURE_AUTORELEASING = YES;
				CLANG_WARN_BOOL_CONVERSION = YES;
				CLANG_WARN_COMMA = YES;
				CLANG_WARN_CONSTANT_CONVERSION = YES;
				CLANG_WARN_DEPRECATED_OBJC_IMPLEMENTATIONS = YES;
				CLANG_WARN_DIRECT_OBJC_ISA_USAGE = YES_ERROR;
				CLANG_WARN_DOCUMENTATION_COMMENTS = YES;
				CLANG_WARN_EMPTY_BODY = YES;
				CLANG_WARN_ENUM_CONVERSION = YES;
				CLANG_WARN_INFINITE_RECURSION = YES;
				CLANG_WARN_INT_CONVERSION = YES;
				CLANG_WARN_NON_LITERAL_NULL_CONVERSION = YES;
				CLANG_WARN_OBJC_IMPLICIT_RETAIN_SELF = YES;
				CLANG_WARN_OBJC_LITERAL_CONVERSION = YES;
				CLANG_WARN_OBJC_ROOT_CLASS = YES_ERROR;
				CLANG_WARN_QUOTED_INCLUDE_IN_FRAMEWORK_HEADER = YES;
				CLANG_WARN_RANGE_LOOP_ANALYSIS = YES;
				CLANG_WARN_STRICT_PROTOTYPES = YES;
				CLANG_WARN_SUSPICIOUS_MOVE = YES;
				CLANG_WARN_UNGUARDED_AVAILABILITY = YES_AGGRESSIVE;
				CLANG_WARN_UNREACHABLE_CODE = YES;
				CLANG_WARN__DUPLICATE_METHOD_MATCH = YES;
				COPY_PHASE_STRIP = NO;
				DEBUG_INFORMATION_FORMAT = dwarf;
				ENABLE_STRICT_OBJC_MSGSEND = YES;
				ENABLE_TESTABILITY = YES;
				ENABLE_USER_SCRIPT_SANDBOXING = YES;
				GCC_C_LANGUAGE_STANDARD = gnu17;
				GCC_DYNAMIC_NO_PIC = NO;
				GCC_NO_COMMON_BLOCKS = YES;
				GCC_OPTIMIZATION_LEVEL = 0;
				GCC_PREPROCESSOR_DEFINITIONS = (
					"DEBUG=1",
					"$(inherited)",
				);
				GCC_WARN_64_TO_32_BIT_CONVERSION = YES;
				GCC_WARN_ABOUT_RETURN_TYPE = YES_ERROR;
				GCC_WARN_UNDECLARED_SELECTOR = YES;
				GCC_WARN_UNINITIALIZED_AUTOS = YES_AGGRESSIVE;
				GCC_WARN_UNUSED_FUNCTION = YES;
				GCC_WARN_UNUSED_VARIABLE = YES;
				IPHONEOS_DEPLOYMENT_TARGET = 18.4;
				LOCALIZATION_PREFERS_STRING_CATALOGS = YES;
				MTL_ENABLE_DEBUG_INFO = INCLUDE_SOURCE;
				MTL_FAST_MATH = YES;
				ONLY_ACTIVE_ARCH = YES;
				SDKROOT = iphoneos;
				SWIFT_ACTIVE_COMPILATION_CONDITIONS = "DEBUG $(inherited)";
				SWIFT_OPTIMIZATION_LEVEL = "-Onone";
			};
			name = Debug;
		};
		951D78C62DD11FA900046153 /* Release */ = {
			isa = XCBuildConfiguration;
			buildSettings = {
				ALWAYS_SEARCH_USER_PATHS = NO;
				ASSETCATALOG_COMPILER_GENERATE_SWIFT_ASSET_SYMBOL_EXTENSIONS = YES;
				CLANG_ANALYZER_NONNULL = YES;
				CLANG_ANALYZER_NUMBER_OBJECT_CONVERSION = YES_AGGRESSIVE;
				CLANG_CXX_LANGUAGE_STANDARD = "gnu++20";
				CLANG_ENABLE_MODULES = YES;
				CLANG_ENABLE_OBJC_ARC = YES;
				CLANG_ENABLE_OBJC_WEAK = YES;
				CLANG_WARN_BLOCK_CAPTURE_AUTORELEASING = YES;
				CLANG_WARN_BOOL_CONVERSION = YES;
				CLANG_WARN_COMMA = YES;
				CLANG_WARN_CONSTANT_CONVERSION = YES;
				CLANG_WARN_DEPRECATED_OBJC_IMPLEMENTATIONS = YES;
				CLANG_WARN_DIRECT_OBJC_ISA_USAGE = YES_ERROR;
				CLANG_WARN_DOCUMENTATION_COMMENTS = YES;
				CLANG_WARN_EMPTY_BODY = YES;
				CLANG_WARN_ENUM_CONVERSION = YES;
				CLANG_WARN_INFINITE_RECURSION = YES;
				CLANG_WARN_INT_CONVERSION = YES;
				CLANG_WARN_NON_LITERAL_NULL_CONVERSION = YES;
				CLANG_WARN_OBJC_IMPLICIT_RETAIN_SELF = YES;
				CLANG_WARN_OBJC_LITERAL_CONVERSION = YES;
				CLANG_WARN_OBJC_ROOT_CLASS = YES_ERROR;
				CLANG_WARN_QUOTED_INCLUDE_IN_FRAMEWORK_HEADER = YES;
				CLANG_WARN_RANGE_LOOP_ANALYSIS = YES;
				CLANG_WARN_STRICT_PROTOTYPES = YES;
				CLANG_WARN_SUSPICIOUS_MOVE = YES;
				CLANG_WARN_UNGUARDED_AVAILABILITY = YES_AGGRESSIVE;
				CLANG_WARN_UNREACHABLE_CODE = YES;
				CLANG_WARN__DUPLICATE_METHOD_MATCH = YES;
				COPY_PHASE_STRIP = NO;
				DEBUG_INFORMATION_FORMAT = "dwarf-with-dsym";
				ENABLE_NS_ASSERTIONS = NO;
				ENABLE_STRICT_OBJC_MSGSEND = YES;
				ENABLE_USER_SCRIPT_SANDBOXING = YES;
				GCC_C_LANGUAGE_STANDARD = gnu17;
				GCC_NO_COMMON_BLOCKS = YES;
				GCC_WARN_64_TO_32_BIT_CONVERSION = YES;
				GCC_WARN_ABOUT_RETURN_TYPE = YES_ERROR;
				GCC_WARN_UNDECLARED_SELECTOR = YES;
				GCC_WARN_UNINITIALIZED_AUTOS = YES_AGGRESSIVE;
				GCC_WARN_UNUSED_FUNCTION = YES;
				GCC_WARN_UNUSED_VARIABLE = YES;
				IPHONEOS_DEPLOYMENT_TARGET = 18.4;
				LOCALIZATION_PREFERS_STRING_CATALOGS = YES;
				MTL_ENABLE_DEBUG_INFO = NO;
				MTL_FAST_MATH = YES;
				SDKROOT = iphoneos;
				SWIFT_COMPILATION_MODE = wholemodule;
				VALIDATE_PRODUCT = YES;
			};
			name = Release;
		};
		951D78C82DD11FA900046153 /* Debug */ = {
			isa = XCBuildConfiguration;
			buildSettings = {
				ASSETCATALOG_COMPILER_APPICON_NAME = AppIcon;
				ASSETCATALOG_COMPILER_GLOBAL_ACCENT_COLOR_NAME = AccentColor;
				CODE_SIGN_STYLE = Automatic;
				CURRENT_PROJECT_VERSION = 1;
				ENABLE_PREVIEWS = YES;
				GENERATE_INFOPLIST_FILE = YES;
				INFOPLIST_KEY_UIApplicationSceneManifest_Generation = YES;
				INFOPLIST_KEY_UIApplicationSupportsIndirectInputEvents = YES;
				INFOPLIST_KEY_UILaunchScreen_Generation = YES;
				INFOPLIST_KEY_UISupportedInterfaceOrientations_iPad = "UIInterfaceOrientationPortrait UIInterfaceOrientationPortraitUpsideDown UIInterfaceOrientationLandscapeLeft UIInterfaceOrientationLandscapeRight";
				INFOPLIST_KEY_UISupportedInterfaceOrientations_iPhone = "UIInterfaceOrientationPortrait UIInterfaceOrientationLandscapeLeft UIInterfaceOrientationLandscapeRight";
				LD_RUNPATH_SEARCH_PATHS = (
					"$(inherited)",
					"@executable_path/Frameworks",
				);
				MARKETING_VERSION = 1.0;
				PRODUCT_BUNDLE_IDENTIFIER = com.myapp.aeApp.TestBleDevices;
				PRODUCT_NAME = "$(TARGET_NAME)";
				SWIFT_EMIT_LOC_STRINGS = YES;
				SWIFT_VERSION = 5.0;
				TARGETED_DEVICE_FAMILY = "1,2";
			};
			name = Debug;
		};
		951D78C92DD11FA900046153 /* Release */ = {
			isa = XCBuildConfiguration;
			buildSettings = {
				ASSETCATALOG_COMPILER_APPICON_NAME = AppIcon;
				ASSETCATALOG_COMPILER_GLOBAL_ACCENT_COLOR_NAME = AccentColor;
				CODE_SIGN_STYLE = Automatic;
				CURRENT_PROJECT_VERSION = 1;
				ENABLE_PREVIEWS = YES;
				GENERATE_INFOPLIST_FILE = YES;
				INFOPLIST_KEY_UIApplicationSceneManifest_Generation = YES;
				INFOPLIST_KEY_UIApplicationSupportsIndirectInputEvents = YES;
				INFOPLIST_KEY_UILaunchScreen_Generation = YES;
				INFOPLIST_KEY_UISupportedInterfaceOrientations_iPad = "UIInterfaceOrientationPortrait UIInterfaceOrientationPortraitUpsideDown UIInterfaceOrientationLandscapeLeft UIInterfaceOrientationLandscapeRight";
				INFOPLIST_KEY_UISupportedInterfaceOrientations_iPhone = "UIInterfaceOrientationPortrait UIInterfaceOrientationLandscapeLeft UIInterfaceOrientationLandscapeRight";
				LD_RUNPATH_SEARCH_PATHS = (
					"$(inherited)",
					"@executable_path/Frameworks",
				);
				MARKETING_VERSION = 1.0;
				PRODUCT_BUNDLE_IDENTIFIER = com.myapp.aeApp.TestBleDevices;
				PRODUCT_NAME = "$(TARGET_NAME)";
				SWIFT_EMIT_LOC_STRINGS = YES;
				SWIFT_VERSION = 5.0;
				TARGETED_DEVICE_FAMILY = "1,2";
			};
			name = Release;
		};
		951D78CB2DD11FA900046153 /* Debug */ = {
			isa = XCBuildConfiguration;
			buildSettings = {
				BUNDLE_LOADER = "$(TEST_HOST)";
				CODE_SIGN_STYLE = Automatic;
				CURRENT_PROJECT_VERSION = 1;
				GENERATE_INFOPLIST_FILE = YES;
				IPHONEOS_DEPLOYMENT_TARGET = 18.4;
				MARKETING_VERSION = 1.0;
				PRODUCT_BUNDLE_IDENTIFIER = com.myapp.aeApp.TestBleDevicesTests;
				PRODUCT_NAME = "$(TARGET_NAME)";
				SWIFT_EMIT_LOC_STRINGS = NO;
				SWIFT_VERSION = 5.0;
				TARGETED_DEVICE_FAMILY = "1,2";
				TEST_HOST = "$(BUILT_PRODUCTS_DIR)/TestBleDevices.app/$(BUNDLE_EXECUTABLE_FOLDER_PATH)/TestBleDevices";
			};
			name = Debug;
		};
		951D78CC2DD11FA900046153 /* Release */ = {
			isa = XCBuildConfiguration;
			buildSettings = {
				BUNDLE_LOADER = "$(TEST_HOST)";
				CODE_SIGN_STYLE = Automatic;
				CURRENT_PROJECT_VERSION = 1;
				GENERATE_INFOPLIST_FILE = YES;
				IPHONEOS_DEPLOYMENT_TARGET = 18.4;
				MARKETING_VERSION = 1.0;
				PRODUCT_BUNDLE_IDENTIFIER = com.myapp.aeApp.TestBleDevicesTests;
				PRODUCT_NAME = "$(TARGET_NAME)";
				SWIFT_EMIT_LOC_STRINGS = NO;
				SWIFT_VERSION = 5.0;
				TARGETED_DEVICE_FAMILY = "1,2";
				TEST_HOST = "$(BUILT_PRODUCTS_DIR)/TestBleDevices.app/$(BUNDLE_EXECUTABLE_FOLDER_PATH)/TestBleDevices";
			};
			name = Release;
		};
		951D78CE2DD11FA900046153 /* Debug */ = {
			isa = XCBuildConfiguration;
			buildSettings = {
				CODE_SIGN_STYLE = Automatic;
				CURRENT_PROJECT_VERSION = 1;
				GENERATE_INFOPLIST_FILE = YES;
				MARKETING_VERSION = 1.0;
				PRODUCT_BUNDLE_IDENTIFIER = com.myapp.aeApp.TestBleDevicesUITests;
				PRODUCT_NAME = "$(TARGET_NAME)";
				SWIFT_EMIT_LOC_STRINGS = NO;
				SWIFT_VERSION = 5.0;
				TARGETED_DEVICE_FAMILY = "1,2";
				TEST_TARGET_NAME = TestBleDevices;
			};
			name = Debug;
		};
		951D78CF2DD11FA900046153 /* Release */ = {
			isa = XCBuildConfiguration;
			buildSettings = {
				CODE_SIGN_STYLE = Automatic;
				CURRENT_PROJECT_VERSION = 1;
				GENERATE_INFOPLIST_FILE = YES;
				MARKETING_VERSION = 1.0;
				PRODUCT_BUNDLE_IDENTIFIER = com.myapp.aeApp.TestBleDevicesUITests;
				PRODUCT_NAME = "$(TARGET_NAME)";
				SWIFT_EMIT_LOC_STRINGS = NO;
				SWIFT_VERSION = 5.0;
				TARGETED_DEVICE_FAMILY = "1,2";
				TEST_TARGET_NAME = TestBleDevices;
			};
			name = Release;
		};
/* End XCBuildConfiguration section */

/* Begin XCConfigurationList section */
		951D78A12DD11FA600046153 /* Build configuration list for PBXProject "TestBleDevices" */ = {
			isa = XCConfigurationList;
			buildConfigurations = (
				951D78C52DD11FA900046153 /* Debug */,
				951D78C62DD11FA900046153 /* Release */,
			);
			defaultConfigurationIsVisible = 0;
			defaultConfigurationName = Release;
		};
		951D78C72DD11FA900046153 /* Build configuration list for PBXNativeTarget "TestBleDevices" */ = {
			isa = XCConfigurationList;
			buildConfigurations = (
				951D78C82DD11FA900046153 /* Debug */,
				951D78C92DD11FA900046153 /* Release */,
			);
			defaultConfigurationIsVisible = 0;
			defaultConfigurationName = Release;
		};
		951D78CA2DD11FA900046153 /* Build configuration list for PBXNativeTarget "TestBleDevicesTests" */ = {
			isa = XCConfigurationList;
			buildConfigurations = (
				951D78CB2DD11FA900046153 /* Debug */,
				951D78CC2DD11FA900046153 /* Release */,
			);
			defaultConfigurationIsVisible = 0;
			defaultConfigurationName = Release;
		};
		951D78CD2DD11FA900046153 /* Build configuration list for PBXNativeTarget "TestBleDevicesUITests" */ = {
			isa = XCConfigurationList;
			buildConfigurations = (
				951D78CE2DD11FA900046153 /* Debug */,
				951D78CF2DD11FA900046153 /* Release */,
			);
			defaultConfigurationIsVisible = 0;
			defaultConfigurationName = Release;
		};
/* End XCConfigurationList section */
	};
	rootObject = 951D789E2DD11FA600046153 /* Project object */;
}
